
Microsoft Visual Studio Solution File, Format Version 12.00
# Visual Studio Version 17
VisualStudioVersion = 17.3.32922.545
MinimumVisualStudioVersion = 10.0.40219.1
Project("{9A19103F-16F7-4668-BE54-9A1E7A4F7556}") = "SelectionStatementExercise2", "SelectionStatementExercise2.csproj", "{6227B9E3-CB9A-4136-88DB-B5DE432D4F8B}"
EndProject
Global
	GlobalSection(SolutionConfigurationPlatforms) = preSolution
		Debug|Any CPU = Debug|Any CPU
		Release|Any CPU = Release|Any CPU
	EndGlobalSection
	GlobalSection(ProjectConfigurationPlatforms) = postSolution
		{6227B9E3-CB9A-4136-88DB-B5DE432D4F8B}.Debug|Any CPU.ActiveCfg = Debug|Any CPU
		{6227B9E3-CB9A-4136-88DB-B5DE432D4F8B}.Debug|Any CPU.Build.0 = Debug|Any CPU
		{6227B9E3-CB9A-4136-88DB-B5DE432D4F8B}.Release|Any CPU.ActiveCfg = Release|Any CPU
		{6227B9E3-CB9A-4136-88DB-B5DE432D4F8B}.Release|Any CPU.Build.0 = Release|Any CPU
	EndGlobalSection
	GlobalSection(SolutionProperties) = preSolution
		HideSolutionNode = FALSE
	EndGlobalSection
	GlobalSection(ExtensibilityGlobals) = postSolution
		SolutionGuid = {27432812-85FD-4248-9340-EDC2AE525A93}
	EndGlobalSection
EndGlobal
